
Microsoft Visual Studio Solution File, Format Version 12.00
# Visual Studio Version 17
VisualStudioVersion = 17.1.32210.238
MinimumVisualStudioVersion = 10.0.40219.1
Project("{9A19103F-16F7-4668-BE54-9A1E7A4F7556}") = "IRC", "IRC\IRC.csproj", "{FD729524-CE77-47BA-8CD6-C8148512F32C}"
EndProject
Project("{9A19103F-16F7-4668-BE54-9A1E7A4F7556}") = "HiFriendsDemo1", "..\..\Ameixa\学习\大二下\软件构造基础\Hi-Friends\HiFriendsDemo1\HiFriendsDemo1.csproj", "{5C4BC942-ABC4-4A02-B751-C7FBD99D1EE7}"
EndProject
Global
	GlobalSection(SolutionConfigurationPlatforms) = preSolution
		Debug|Any CPU = Debug|Any CPU
		Release|Any CPU = Release|Any CPU
	EndGlobalSection
	GlobalSection(ProjectConfigurationPlatforms) = postSolution
		{FD729524-CE77-47BA-8CD6-C8148512F32C}.Debug|Any CPU.ActiveCfg = Debug|Any CPU
		{FD729524-CE77-47BA-8CD6-C8148512F32C}.Debug|Any CPU.Build.0 = Debug|Any CPU
		{FD729524-CE77-47BA-8CD6-C8148512F32C}.Release|Any CPU.ActiveCfg = Release|Any CPU
		{FD729524-CE77-47BA-8CD6-C8148512F32C}.Release|Any CPU.Build.0 = Release|Any CPU
		{5C4BC942-ABC4-4A02-B751-C7FBD99D1EE7}.Debug|Any CPU.ActiveCfg = Debug|Any CPU
		{5C4BC942-ABC4-4A02-B751-C7FBD99D1EE7}.Debug|Any CPU.Build.0 = Debug|Any CPU
		{5C4BC942-ABC4-4A02-B751-C7FBD99D1EE7}.Release|Any CPU.ActiveCfg = Release|Any CPU
		{5C4BC942-ABC4-4A02-B751-C7FBD99D1EE7}.Release|Any CPU.Build.0 = Release|Any CPU
	EndGlobalSection
	GlobalSection(SolutionProperties) = preSolution
		HideSolutionNode = FALSE
	EndGlobalSection
	GlobalSection(ExtensibilityGlobals) = postSolution
		SolutionGuid = {BF89A726-4F79-4E82-8DEF-958CAC1E2019}
	EndGlobalSection
EndGlobal
